{
  "name": "server",
  "version": "1.0.0",
  "lockfileVersion": 1,
  "requires": true,
  "dependencies": {
    "@babel/runtime": {
      "version": "7.14.0",
      "resolved": "https://registry.npmjs.org/@babel/runtime/-/runtime-7.14.0.tgz",
      "integrity": "sha512-JELkvo/DlpNdJ7dlyw/eY7E0suy5i5GQH+Vlxaq1nsNJ+H7f4Vtv3jMeCEgRhZZQFXTjldYfQgv2qmM6M1v5wA==",
      "requires": {
        "regenerator-runtime": "^0.13.4"
      }
    },
    "@types/component-emitter": {
      "version": "1.2.10",
      "resolved": "https://registry.npmjs.org/@types/component-emitter/-/component-emitter-1.2.10.tgz",
      "integrity": "sha512-bsjleuRKWmGqajMerkzox19aGbscQX5rmmvvXl3wlIp5gMG1HgkiwPxsN5p070fBDKTNSPgojVbuY1+HWMbFhg=="
    },
    "@types/cookie": {
      "version": "0.4.0",
      "resolved": "https://registry.npmjs.org/@types/cookie/-/cookie-0.4.0.tgz",
      "integrity": "sha512-y7mImlc/rNkvCRmg8gC3/lj87S7pTUIJ6QGjwHR9WQJcFs+ZMTOaoPrkdFA/YdbuqVEmEbb5RdhVxMkAcgOnpg=="
    },
    "@types/cors": {
      "version": "2.8.10",
      "resolved": "https://registry.npmjs.org/@types/cors/-/cors-2.8.10.tgz",
      "integrity": "sha512-C7srjHiVG3Ey1nR6d511dtDkCEjxuN9W1HWAEjGq8kpcwmNM6JJkpC0xvabM7BXTG2wDq8Eu33iH9aQKa7IvLQ=="
    },
    "@types/js-cookie": {
      "version": "2.2.6",
      "resolved": "https://registry.npmjs.org/@types/js-cookie/-/js-cookie-2.2.6.tgz",
      "integrity": "sha512-+oY0FDTO2GYKEV0YPvSshGq9t7YozVkgvXLty7zogQNuCxBhT9/3INX9Q7H1aRZ4SUDRXAKlJuA4EA5nTt7SNw=="
    },
    "@types/node": {
      "version": "15.3.0",
      "resolved": "https://registry.npmjs.org/@types/node/-/node-15.3.0.tgz",
      "integrity": "sha512-8/bnjSZD86ZfpBsDlCIkNXIvm+h6wi9g7IqL+kmFkQ+Wvu3JrasgLElfiPgoo8V8vVfnEi0QVS12gbl94h9YsQ=="
    },
    "@xobotyi/scrollbar-width": {
      "version": "1.9.5",
      "resolved": "https://registry.npmjs.org/@xobotyi/scrollbar-width/-/scrollbar-width-1.9.5.tgz",
      "integrity": "sha512-N8tkAACJx2ww8vFMneJmaAgmjAG1tnVBZJRLRcx061tmsLRZHSEZSLuGWnwPtunsSLvSqXQ2wfp7Mgqg1I+2dQ=="
    },
    "accepts": {
      "version": "1.3.7",
      "resolved": "https://registry.npmjs.org/accepts/-/accepts-1.3.7.tgz",
      "integrity": "sha512-Il80Qs2WjYlJIBNzNkK6KYqlVMTbZLXgHx2oT0pU/fjRHyEp+PEfEPY0R3WCwAGVOtauxh1hOxNgIf5bv7dQpA==",
      "requires": {
        "mime-types": "~2.1.24",
        "negotiator": "0.6.2"
      }
    },
    "base64-arraybuffer": {
      "version": "0.1.4",
      "resolved": "https://registry.npmjs.org/base64-arraybuffer/-/base64-arraybuffer-0.1.4.tgz",
      "integrity": "sha1-mBjHngWbE1X5fgQooBfIOOkLqBI="
    },
    "base64id": {
      "version": "2.0.0",
      "resolved": "https://registry.npmjs.org/base64id/-/base64id-2.0.0.tgz",
      "integrity": "sha512-lGe34o6EHj9y3Kts9R4ZYs/Gr+6N7MCaMlIFA3F1R2O5/m7K06AxfSeO5530PEERE6/WyEg3lsuyw4GHlPZHog=="
    },
    "component-emitter": {
      "version": "1.3.0",
      "resolved": "https://registry.npmjs.org/component-emitter/-/component-emitter-1.3.0.tgz",
      "integrity": "sha512-Rd3se6QB+sO1TwqZjscQrurpEPIfO0/yYnSin6Q/rD3mOutHvUrCAhJub3r90uNb+SESBuE0QYoB90YdfatsRg=="
    },
    "cookie": {
      "version": "0.4.1",
      "resolved": "https://registry.npmjs.org/cookie/-/cookie-0.4.1.tgz",
      "integrity": "sha512-ZwrFkGJxUR3EIoXtO+yVE69Eb7KlixbaeAWfBQB9vVsNn/o+Yw69gBWSSDK825hQNdN+wF8zELf3dFNl/kxkUA=="
    },
    "copy-to-clipboard": {
      "version": "3.3.1",
      "resolved": "https://registry.npmjs.org/copy-to-clipboard/-/copy-to-clipboard-3.3.1.tgz",
      "integrity": "sha512-i13qo6kIHTTpCm8/Wup+0b1mVWETvu2kIMzKoK8FpkLkFxlt0znUAHcMzox+T8sPlqtZXq3CulEjQHsYiGFJUw==",
      "requires": {
        "toggle-selection": "^1.0.6"
      }
    },
    "cors": {
      "version": "2.8.5",
      "resolved": "https://registry.npmjs.org/cors/-/cors-2.8.5.tgz",
      "integrity": "sha512-KIHbLJqu73RGr/hnbrO9uBeixNGuvSQjul/jdFvS/KFSIH1hWVd1ng7zOHx+YrEfInLG7q4n6GHQ9cDtxv/P6g==",
      "requires": {
        "object-assign": "^4",
        "vary": "^1"
      }
    },
    "css-in-js-utils": {
      "version": "2.0.1",
      "resolved": "https://registry.npmjs.org/css-in-js-utils/-/css-in-js-utils-2.0.1.tgz",
      "integrity": "sha512-PJF0SpJT+WdbVVt0AOYp9C8GnuruRlL/UFW7932nLWmFLQTaWEzTBQEx7/hn4BuV+WON75iAViSUJLiU3PKbpA==",
      "requires": {
        "hyphenate-style-name": "^1.0.2",
        "isobject": "^3.0.1"
      }
    },
    "css-tree": {
      "version": "1.1.3",
      "resolved": "https://registry.npmjs.org/css-tree/-/css-tree-1.1.3.tgz",
      "integrity": "sha512-tRpdppF7TRazZrjJ6v3stzv93qxRcSsFmW6cX0Zm2NVKpxE1WV1HblnghVv9TreireHkqI/VDEsfolRF1p6y7Q==",
      "requires": {
        "mdn-data": "2.0.14",
        "source-map": "^0.6.1"
      }
    },
    "csstype": {
      "version": "3.0.8",
      "resolved": "https://registry.npmjs.org/csstype/-/csstype-3.0.8.tgz",
      "integrity": "sha512-jXKhWqXPmlUeoQnF/EhTtTl4C9SnrxSH/jZUih3jmO6lBKr99rP3/+FmrMj4EFpOXzMtXHAZkd3x0E6h6Fgflw=="
    },
    "debug": {
      "version": "4.3.1",
      "resolved": "https://registry.npmjs.org/debug/-/debug-4.3.1.tgz",
      "integrity": "sha512-doEwdvm4PCeK4K3RQN2ZC2BYUBaxwLARCqZmMjtF8a51J2Rb0xpVloFRnCODwqjpwnAoao4pelN8l3RJdv3gRQ==",
      "requires": {
        "ms": "2.1.2"
      }
    },
    "engine.io": {
      "version": "5.1.1",
      "resolved": "https://registry.npmjs.org/engine.io/-/engine.io-5.1.1.tgz",
      "integrity": "sha512-aMWot7H5aC8L4/T8qMYbLdvKlZOdJTH54FxfdFunTGvhMx1BHkJOntWArsVfgAZVwAO9LC2sryPWRcEeUzCe5w==",
      "requires": {
        "accepts": "~1.3.4",
        "base64id": "2.0.0",
        "cookie": "~0.4.1",
        "cors": "~2.8.5",
        "debug": "~4.3.1",
        "engine.io-parser": "~4.0.0",
        "ws": "~7.4.2"
      }
    },
    "engine.io-parser": {
      "version": "4.0.2",
      "resolved": "https://registry.npmjs.org/engine.io-parser/-/engine.io-parser-4.0.2.tgz",
      "integrity": "sha512-sHfEQv6nmtJrq6TKuIz5kyEKH/qSdK56H/A+7DnAuUPWosnIZAS2NHNcPLmyjtY3cGS/MqJdZbUjW97JU72iYg==",
      "requires": {
        "base64-arraybuffer": "0.1.4"
      }
    },
    "error-stack-parser": {
      "version": "2.0.6",
      "resolved": "https://registry.npmjs.org/error-stack-parser/-/error-stack-parser-2.0.6.tgz",
      "integrity": "sha512-d51brTeqC+BHlwF0BhPtcYgF5nlzf9ZZ0ZIUQNZpc9ZB9qw5IJ2diTrBY9jlCJkTLITYPjmiX6OWCwH+fuyNgQ==",
      "requires": {
        "stackframe": "^1.1.1"
      }
    },
    "fast-deep-equal": {
      "version": "3.1.3",
      "resolved": "https://registry.npmjs.org/fast-deep-equal/-/fast-deep-equal-3.1.3.tgz",
      "integrity": "sha512-f3qQ9oQy9j2AhBe/H9VC91wLmKBCCU/gDOnKNAYG5hswO7BLKj09Hc5HYNz9cGI++xlpDCIgDaitVs03ATR84Q=="
    },
    "fast-shallow-equal": {
      "version": "1.0.0",
      "resolved": "https://registry.npmjs.org/fast-shallow-equal/-/fast-shallow-equal-1.0.0.tgz",
      "integrity": "sha512-HPtaa38cPgWvaCFmRNhlc6NG7pv6NUHqjPgVAkWGoB9mQMwYB27/K0CvOM5Czy+qpT3e8XJ6Q4aPAnzpNpzNaw=="
    },
    "fastest-stable-stringify": {
      "version": "2.0.2",
      "resolved": "https://registry.npmjs.org/fastest-stable-stringify/-/fastest-stable-stringify-2.0.2.tgz",
      "integrity": "sha512-bijHueCGd0LqqNK9b5oCMHc0MluJAx0cwqASgbWMvkO01lCYgIhacVRLcaDz3QnyYIRNJRDwMb41VuT6pHJ91Q=="
    },
    "graceful-fs": {
      "version": "4.2.6",
      "resolved": "https://registry.npmjs.org/graceful-fs/-/graceful-fs-4.2.6.tgz",
      "integrity": "sha512-nTnJ528pbqxYanhpDYsi4Rd8MAeaBA67+RZ10CM1m3bTAVFEDcd5AuA4a6W5YkGZ1iNXHzZz8T6TBKLeBuNriQ=="
    },
    "hyphenate-style-name": {
      "version": "1.0.4",
      "resolved": "https://registry.npmjs.org/hyphenate-style-name/-/hyphenate-style-name-1.0.4.tgz",
      "integrity": "sha512-ygGZLjmXfPHj+ZWh6LwbC37l43MhfztxetbFCoYTM2VjkIUpeHgSNn7QIyVFj7YQ1Wl9Cbw5sholVJPzWvC2MQ=="
    },
    "inline-style-prefixer": {
      "version": "6.0.0",
      "resolved": "https://registry.npmjs.org/inline-style-prefixer/-/inline-style-prefixer-6.0.0.tgz",
      "integrity": "sha512-XTHvRUS4ZJNzC1GixJRmOlWSS45fSt+DJoyQC9ytj0WxQfcgofQtDtyKKYxHUqEsWCs+LIWftPF1ie7+i012Fg==",
      "requires": {
        "css-in-js-utils": "^2.0.0"
      }
    },
    "is-promise": {
      "version": "2.2.2",
      "resolved": "https://registry.npmjs.org/is-promise/-/is-promise-2.2.2.tgz",
      "integrity": "sha512-+lP4/6lKUBfQjZ2pdxThZvLUAafmZb8OAxFb8XXtiQmS35INgr85hdOGoEs124ez1FCnZJt6jau/T+alh58QFQ=="
    },
    "isobject": {
      "version": "3.0.1",
      "resolved": "https://registry.npmjs.org/isobject/-/isobject-3.0.1.tgz",
      "integrity": "sha1-TkMekrEalzFjaqH5yNHMvP2reN8="
    },
    "js-cookie": {
      "version": "2.2.1",
      "resolved": "https://registry.npmjs.org/js-cookie/-/js-cookie-2.2.1.tgz",
      "integrity": "sha512-HvdH2LzI/EAZcUwA8+0nKNtWHqS+ZmijLA30RwZA0bo7ToCckjK5MkGhjED9KoRcXO6BaGI3I9UIzSA1FKFPOQ=="
    },
    "lodash": {
      "version": "4.17.21",
      "resolved": "https://registry.npmjs.org/lodash/-/lodash-4.17.21.tgz",
      "integrity": "sha512-v2kDEe57lecTulaDIuNTPy3Ry4gLGJ6Z1O3vE1krgXZNrsQ+LFTGHVxVjcXPs17LhbZVGedAJv8XZ1tvj5FvSg=="
    },
    "lowdb": {
      "version": "1.0.0",
      "resolved": "https://registry.npmjs.org/lowdb/-/lowdb-1.0.0.tgz",
      "integrity": "sha512-2+x8esE/Wb9SQ1F9IHaYWfsC9FIecLOPrK4g17FGEayjUWH172H6nwicRovGvSE2CPZouc2MCIqCI7h9d+GftQ==",
      "requires": {
        "graceful-fs": "^4.1.3",
        "is-promise": "^2.1.0",
        "lodash": "4",
        "pify": "^3.0.0",
        "steno": "^0.4.1"
      }
    },
    "mdn-data": {
      "version": "2.0.14",
      "resolved": "https://registry.npmjs.org/mdn-data/-/mdn-data-2.0.14.tgz",
      "integrity": "sha512-dn6wd0uw5GsdswPFfsgMp5NSB0/aDe6fK94YJV/AJDYXL6HVLWBsxeq7js7Ad+mU2K9LAlwpk6kN2D5mwCPVow=="
    },
    "mime-db": {
      "version": "1.47.0",
      "resolved": "https://registry.npmjs.org/mime-db/-/mime-db-1.47.0.tgz",
      "integrity": "sha512-QBmA/G2y+IfeS4oktet3qRZ+P5kPhCKRXxXnQEudYqUaEioAU1/Lq2us3D/t1Jfo4hE9REQPrbB7K5sOczJVIw=="
    },
    "mime-types": {
      "version": "2.1.30",
      "resolved": "https://registry.npmjs.org/mime-types/-/mime-types-2.1.30.tgz",
      "integrity": "sha512-crmjA4bLtR8m9qLpHvgxSChT+XoSlZi8J4n/aIdn3z92e/U47Z0V/yl+Wh9W046GgFVAmoNR/fmdbZYcSSIUeg==",
      "requires": {
        "mime-db": "1.47.0"
      }
    },
    "ms": {
      "version": "2.1.2",
      "resolved": "https://registry.npmjs.org/ms/-/ms-2.1.2.tgz",
      "integrity": "sha512-sGkPx+VjMtmA6MX27oA4FBFELFCZZ4S4XqeGOXCv68tT+jb3vk/RyaKWP0PTKyWtmLSM0b+adUTEvbs1PEaH2w=="
    },
    "nano-css": {
      "version": "5.3.1",
      "resolved": "https://registry.npmjs.org/nano-css/-/nano-css-5.3.1.tgz",
      "integrity": "sha512-ENPIyNzANQRyYVvb62ajDd7PAyIgS2LIUnT9ewih4yrXSZX4hKoUwssy8WjUH++kEOA5wUTMgNnV7ko5n34kUA==",
      "requires": {
        "css-tree": "^1.1.2",
        "csstype": "^3.0.6",
        "fastest-stable-stringify": "^2.0.2",
        "inline-style-prefixer": "^6.0.0",
        "rtl-css-js": "^1.14.0",
        "sourcemap-codec": "^1.4.8",
        "stacktrace-js": "^2.0.2",
        "stylis": "^4.0.6"
      }
    },
    "negotiator": {
      "version": "0.6.2",
      "resolved": "https://registry.npmjs.org/negotiator/-/negotiator-0.6.2.tgz",
      "integrity": "sha512-hZXc7K2e+PgeI1eDBe/10Ard4ekbfrrqG8Ep+8Jmf4JID2bNg7NvCPOZN+kfF574pFQI7mum2AUqDidoKqcTOw=="
    },
    "object-assign": {
      "version": "4.1.1",
      "resolved": "https://registry.npmjs.org/object-assign/-/object-assign-4.1.1.tgz",
      "integrity": "sha1-IQmtx5ZYh8/AXLvUQsrIv7s2CGM="
    },
    "pify": {
      "version": "3.0.0",
      "resolved": "https://registry.npmjs.org/pify/-/pify-3.0.0.tgz",
      "integrity": "sha1-5aSs0sEB/fPZpNB/DbxNtJ3SgXY="
    },
    "react-universal-interface": {
      "version": "0.6.2",
      "resolved": "https://registry.npmjs.org/react-universal-interface/-/react-universal-interface-0.6.2.tgz",
      "integrity": "sha512-dg8yXdcQmvgR13RIlZbTRQOoUrDciFVoSBZILwjE2LFISxZZ8loVJKAkuzswl5js8BHda79bIb2b84ehU8IjXw=="
    },
    "react-use": {
      "version": "17.2.4",
      "resolved": "https://registry.npmjs.org/react-use/-/react-use-17.2.4.tgz",
      "integrity": "sha512-vQGpsAM0F5UIlshw5UI8ULGPS4yn5rm7/qvn3T1Gnkrz7YRMEEMh+ynKcmRloOyiIeLvKWiQjMiwRGtdbgs5qQ==",
      "requires": {
        "@types/js-cookie": "^2.2.6",
        "@xobotyi/scrollbar-width": "^1.9.5",
        "copy-to-clipboard": "^3.3.1",
        "fast-deep-equal": "^3.1.3",
        "fast-shallow-equal": "^1.0.0",
        "js-cookie": "^2.2.1",
        "nano-css": "^5.3.1",
        "react-universal-interface": "^0.6.2",
        "resize-observer-polyfill": "^1.5.1",
        "screenfull": "^5.1.0",
        "set-harmonic-interval": "^1.0.1",
        "throttle-debounce": "^3.0.1",
        "ts-easing": "^0.2.0",
        "tslib": "^2.1.0"
      }
    },
    "regenerator-runtime": {
      "version": "0.13.7",
      "resolved": "https://registry.npmjs.org/regenerator-runtime/-/regenerator-runtime-0.13.7.tgz",
      "integrity": "sha512-a54FxoJDIr27pgf7IgeQGxmqUNYrcV338lf/6gH456HZ/PhX+5BcwHXG9ajESmwe6WRO0tAzRUrRmNONWgkrew=="
    },
    "resize-observer-polyfill": {
      "version": "1.5.1",
      "resolved": "https://registry.npmjs.org/resize-observer-polyfill/-/resize-observer-polyfill-1.5.1.tgz",
      "integrity": "sha512-LwZrotdHOo12nQuZlHEmtuXdqGoOD0OhaxopaNFxWzInpEgaLWoVuAMbTzixuosCx2nEG58ngzW3vxdWoxIgdg=="
    },
    "rtl-css-js": {
      "version": "1.14.1",
      "resolved": "https://registry.npmjs.org/rtl-css-js/-/rtl-css-js-1.14.1.tgz",
      "integrity": "sha512-G9N1s/6329FpJr8k9e1U/Lg0IDWThv99sb7k0IrXHjSnubxe01h52/ajsPRafJK1/2Vqrhz3VKLe3E1dx6jS9Q==",
      "requires": {
        "@babel/runtime": "^7.1.2"
      }
    },
    "screenfull": {
      "version": "5.1.0",
      "resolved": "https://registry.npmjs.org/screenfull/-/screenfull-5.1.0.tgz",
      "integrity": "sha512-dYaNuOdzr+kc6J6CFcBrzkLCfyGcMg+gWkJ8us93IQ7y1cevhQAugFsaCdMHb6lw8KV3xPzSxzH7zM1dQap9mA=="
    },
    "set-harmonic-interval": {
      "version": "1.0.1",
      "resolved": "https://registry.npmjs.org/set-harmonic-interval/-/set-harmonic-interval-1.0.1.tgz",
      "integrity": "sha512-AhICkFV84tBP1aWqPwLZqFvAwqEoVA9kxNMniGEUvzOlm4vLmOFLiTT3UZ6bziJTy4bOVpzWGTfSCbmaayGx8g=="
    },
    "socket.io": {
      "version": "4.1.1",
      "resolved": "https://registry.npmjs.org/socket.io/-/socket.io-4.1.1.tgz",
      "integrity": "sha512-YKPdhaYRGEXjP+VqoKlfOEPgDjm0aMq1YWonjHg4rBU1xJCmgceNh2XL1vO4czWupH+WX1+d9Wqb768h7BC5kw==",
      "requires": {
        "@types/cookie": "^0.4.0",
        "@types/cors": "^2.8.8",
        "@types/node": ">=10.0.0",
        "accepts": "~1.3.4",
        "base64id": "~2.0.0",
        "debug": "~4.3.1",
        "engine.io": "~5.1.0",
        "socket.io-adapter": "~2.3.0",
        "socket.io-parser": "~4.0.3"
      }
    },
    "socket.io-adapter": {
      "version": "2.3.0",
      "resolved": "https://registry.npmjs.org/socket.io-adapter/-/socket.io-adapter-2.3.0.tgz",
      "integrity": "sha512-jdIbSFRWOkaZpo5mXy8T7rXEN6qo3bOFuq4nVeX1ZS7AtFlkbk39y153xTXEIW7W94vZfhVOux1wTU88YxcM1w=="
    },
    "socket.io-parser": {
      "version": "4.0.4",
      "resolved": "https://registry.npmjs.org/socket.io-parser/-/socket.io-parser-4.0.4.tgz",
      "integrity": "sha512-t+b0SS+IxG7Rxzda2EVvyBZbvFPBCjJoyHuE0P//7OAsN23GItzDRdWa6ALxZI/8R5ygK7jAR6t028/z+7295g==",
      "requires": {
        "@types/component-emitter": "^1.2.10",
        "component-emitter": "~1.3.0",
        "debug": "~4.3.1"
      }
    },
    "source-map": {
      "version": "0.6.1",
      "resolved": "https://registry.npmjs.org/source-map/-/source-map-0.6.1.tgz",
      "integrity": "sha512-UjgapumWlbMhkBgzT7Ykc5YXUT46F0iKu8SGXq0bcwP5dz/h0Plj6enJqjz1Zbq2l5WaqYnrVbwWOWMyF3F47g=="
    },
    "sourcemap-codec": {
      "version": "1.4.8",
      "resolved": "https://registry.npmjs.org/sourcemap-codec/-/sourcemap-codec-1.4.8.tgz",
      "integrity": "sha512-9NykojV5Uih4lgo5So5dtw+f0JgJX30KCNI8gwhz2J9A15wD0Ml6tjHKwf6fTSa6fAdVBdZeNOs9eJ71qCk8vA=="
    },
    "stack-generator": {
      "version": "2.0.5",
      "resolved": "https://registry.npmjs.org/stack-generator/-/stack-generator-2.0.5.tgz",
      "integrity": "sha512-/t1ebrbHkrLrDuNMdeAcsvynWgoH/i4o8EGGfX7dEYDoTXOYVAkEpFdtshlvabzc6JlJ8Kf9YdFEoz7JkzGN9Q==",
      "requires": {
        "stackframe": "^1.1.1"
      }
    },
    "stackframe": {
      "version": "1.2.0",
      "resolved": "https://registry.npmjs.org/stackframe/-/stackframe-1.2.0.tgz",
      "integrity": "sha512-GrdeshiRmS1YLMYgzF16olf2jJ/IzxXY9lhKOskuVziubpTYcYqyOwYeJKzQkwy7uN0fYSsbsC4RQaXf9LCrYA=="
    },
    "stacktrace-gps": {
      "version": "3.0.4",
      "resolved": "https://registry.npmjs.org/stacktrace-gps/-/stacktrace-gps-3.0.4.tgz",
      "integrity": "sha512-qIr8x41yZVSldqdqe6jciXEaSCKw1U8XTXpjDuy0ki/apyTn/r3w9hDAAQOhZdxvsC93H+WwwEu5cq5VemzYeg==",
      "requires": {
        "source-map": "0.5.6",
        "stackframe": "^1.1.1"
      },
      "dependencies": {
        "source-map": {
          "version": "0.5.6",
          "resolved": "https://registry.npmjs.org/source-map/-/source-map-0.5.6.tgz",
          "integrity": "sha1-dc449SvwczxafwwRjYEzSiu19BI="
        }
      }
    },
    "stacktrace-js": {
      "version": "2.0.2",
      "resolved": "https://registry.npmjs.org/stacktrace-js/-/stacktrace-js-2.0.2.tgz",
      "integrity": "sha512-Je5vBeY4S1r/RnLydLl0TBTi3F2qdfWmYsGvtfZgEI+SCprPppaIhQf5nGcal4gI4cGpCV/duLcAzT1np6sQqg==",
      "requires": {
        "error-stack-parser": "^2.0.6",
        "stack-generator": "^2.0.5",
        "stacktrace-gps": "^3.0.4"
      }
    },
    "steno": {
      "version": "0.4.4",
      "resolved": "https://registry.npmjs.org/steno/-/steno-0.4.4.tgz",
      "integrity": "sha1-BxEFvfwobmYVwEA8J+nXtdy4Vcs=",
      "requires": {
        "graceful-fs": "^4.1.3"
      }
    },
    "stylis": {
      "version": "4.0.10",
      "resolved": "https://registry.npmjs.org/stylis/-/stylis-4.0.10.tgz",
      "integrity": "sha512-m3k+dk7QeJw660eIKRRn3xPF6uuvHs/FFzjX3HQ5ove0qYsiygoAhwn5a3IYKaZPo5LrYD0rfVmtv1gNY1uYwg=="
    },
    "supervisor": {
      "version": "0.12.0",
      "resolved": "https://registry.npmjs.org/supervisor/-/supervisor-0.12.0.tgz",
      "integrity": "sha1-3n5jNwFbKRhRwQ81OMSn8EkX7ME="
    },
    "throttle-debounce": {
      "version": "3.0.1",
      "resolved": "https://registry.npmjs.org/throttle-debounce/-/throttle-debounce-3.0.1.tgz",
      "integrity": "sha512-dTEWWNu6JmeVXY0ZYoPuH5cRIwc0MeGbJwah9KUNYSJwommQpCzTySTpEe8Gs1J23aeWEuAobe4Ag7EHVt/LOg=="
    },
    "toggle-selection": {
      "version": "1.0.6",
      "resolved": "https://registry.npmjs.org/toggle-selection/-/toggle-selection-1.0.6.tgz",
      "integrity": "sha1-bkWxJj8gF/oKzH2J14sVuL932jI="
    },
    "ts-easing": {
      "version": "0.2.0",
      "resolved": "https://registry.npmjs.org/ts-easing/-/ts-easing-0.2.0.tgz",
      "integrity": "sha512-Z86EW+fFFh/IFB1fqQ3/+7Zpf9t2ebOAxNI/V6Wo7r5gqiqtxmgTlQ1qbqQcjLKYeSHPTsEmvlJUDg/EuL0uHQ=="
    },
    "tslib": {
      "version": "2.2.0",
      "resolved": "https://registry.npmjs.org/tslib/-/tslib-2.2.0.tgz",
      "integrity": "sha512-gS9GVHRU+RGn5KQM2rllAlR3dU6m7AcpJKdtH8gFvQiC4Otgk98XnmMU+nZenHt/+VhnBPWwgrJsyrdcw6i23w=="
    },
    "vary": {
      "version": "1.1.2",
      "resolved": "https://registry.npmjs.org/vary/-/vary-1.1.2.tgz",
      "integrity": "sha1-IpnwLG3tMNSllhsLn3RSShj2NPw="
    },
    "ws": {
      "version": "7.4.5",
      "resolved": "https://registry.npmjs.org/ws/-/ws-7.4.5.tgz",
      "integrity": "sha512-xzyu3hFvomRfXKH8vOFMU3OguG6oOvhXMo3xsGy3xWExqaM2dxBbVxuD99O7m3ZUFMvvscsZDqxfgMaRr/Nr1g=="
    }
  }
}
